# THIS IS AN AUTOGENERATED FILE. DO NOT EDIT THIS FILE DIRECTLY.
# yarn lockfile v1


"@filipecarneiro/hugo-bootstrap-theme@^1.0.50":
  version "1.0.50"
  resolved "https://registry.npmjs.org/@filipecarneiro/hugo-bootstrap-theme/-/hugo-bootstrap-theme-1.0.50.tgz"
  integrity sha512-TFwpBU3Q36tpUc4wEKR+Cxv9OasxG7+7XzDVpTh2eZ0Hjckue8Azhj0ua5TH13RCEF3WTJPM5fS3Ru5A5rDSog==
